// !$*UTF8*$!
{
	archiveVersion = 1;
	classes = {
	};
	objectVersion = 55;
	objects = {

/* Begin PBXBuildFile section */
		90E360A4F1AA9CB7BC17934B /* Pods_WhoGotNobelPrize.framework in Frameworks */ = {isa = PBXBuildFile; fileRef = 6A94AC4D907C7C82FF8C1BBC /* Pods_WhoGotNobelPrize.framework */; };
		F417D34728422ED3009F8693 /* AppDelegate.swift in Sources */ = {isa = PBXBuildFile; fileRef = F417D34628422ED3009F8693 /* AppDelegate.swift */; };
		F417D34928422ED3009F8693 /* SceneDelegate.swift in Sources */ = {isa = PBXBuildFile; fileRef = F417D34828422ED3009F8693 /* SceneDelegate.swift */; };
		F417D34B28422ED3009F8693 /* HomeViewController.swift in Sources */ = {isa = PBXBuildFile; fileRef = F417D34A28422ED3009F8693 /* HomeViewController.swift */; };
		F417D35028422ED5009F8693 /* Assets.xcassets in Resources */ = {isa = PBXBuildFile; fileRef = F417D34F28422ED5009F8693 /* Assets.xcassets */; };
		F417D35328422ED5009F8693 /* LaunchScreen.storyboard in Resources */ = {isa = PBXBuildFile; fileRef = F417D35128422ED5009F8693 /* LaunchScreen.storyboard */; };
		F417D3602843F860009F8693 /* HomeViewModel.swift in Sources */ = {isa = PBXBuildFile; fileRef = F417D35F2843F860009F8693 /* HomeViewModel.swift */; };
		F417D3642843FCB8009F8693 /* Main.storyboard in Resources */ = {isa = PBXBuildFile; fileRef = F417D3632843FCB8009F8693 /* Main.storyboard */; };
		F417D3662843FCEB009F8693 /* DetailViewController.swift in Sources */ = {isa = PBXBuildFile; fileRef = F417D3652843FCEB009F8693 /* DetailViewController.swift */; };
		F417D3682843FCFB009F8693 /* DetailViewModel.swift in Sources */ = {isa = PBXBuildFile; fileRef = F417D3672843FCFB009F8693 /* DetailViewModel.swift */; };
		F478AF6D284B7F4D003B22F7 /* HomeViewController-TableViewExtensions.swift in Sources */ = {isa = PBXBuildFile; fileRef = F478AF6C284B7F4D003B22F7 /* HomeViewController-TableViewExtensions.swift */; };
		F4C1330E284A721900C33E13 /* KingFisherManager.swift in Sources */ = {isa = PBXBuildFile; fileRef = F4C1330D284A721900C33E13 /* KingFisherManager.swift */; };
		F4D7DD3F2846A5C600B3A235 /* LaureateModel.swift in Sources */ = {isa = PBXBuildFile; fileRef = F4D7DD3E2846A5C600B3A235 /* LaureateModel.swift */; };
		F4D7DD412846A72000B3A235 /* NobelPrizeModel.swift in Sources */ = {isa = PBXBuildFile; fileRef = F4D7DD402846A72000B3A235 /* NobelPrizeModel.swift */; };
		F4D7DD442846A83B00B3A235 /* NetworkManager.swift in Sources */ = {isa = PBXBuildFile; fileRef = F4D7DD432846A83B00B3A235 /* NetworkManager.swift */; };
		F4D7DD4A2846ACC700B3A235 /* config.swift in Sources */ = {isa = PBXBuildFile; fileRef = F4D7DD492846ACC700B3A235 /* config.swift */; };
/* End PBXBuildFile section */

/* Begin PBXFileReference section */
		1B5B2D9132BA59A51400EACC /* Pods-WhoGotNobelPrize.release.xcconfig */ = {isa = PBXFileReference; includeInIndex = 1; lastKnownFileType = text.xcconfig; name = "Pods-WhoGotNobelPrize.release.xcconfig"; path = "Target Support Files/Pods-WhoGotNobelPrize/Pods-WhoGotNobelPrize.release.xcconfig"; sourceTree = "<group>"; };
		6A94AC4D907C7C82FF8C1BBC /* Pods_WhoGotNobelPrize.framework */ = {isa = PBXFileReference; explicitFileType = wrapper.framework; includeInIndex = 0; path = Pods_WhoGotNobelPrize.framework; sourceTree = BUILT_PRODUCTS_DIR; };
		7762A3B3A3D1A475D44B8607 /* Pods-WhoGotNobelPrize.debug.xcconfig */ = {isa = PBXFileReference; includeInIndex = 1; lastKnownFileType = text.xcconfig; name = "Pods-WhoGotNobelPrize.debug.xcconfig"; path = "Target Support Files/Pods-WhoGotNobelPrize/Pods-WhoGotNobelPrize.debug.xcconfig"; sourceTree = "<group>"; };
		F417D34328422ED3009F8693 /* WhoGotNobelPrize.app */ = {isa = PBXFileReference; explicitFileType = wrapper.application; includeInIndex = 0; path = WhoGotNobelPrize.app; sourceTree = BUILT_PRODUCTS_DIR; };
		F417D34628422ED3009F8693 /* AppDelegate.swift */ = {isa = PBXFileReference; lastKnownFileType = sourcecode.swift; path = AppDelegate.swift; sourceTree = "<group>"; };
		F417D34828422ED3009F8693 /* SceneDelegate.swift */ = {isa = PBXFileReference; lastKnownFileType = sourcecode.swift; path = SceneDelegate.swift; sourceTree = "<group>"; };
		F417D34A28422ED3009F8693 /* HomeViewController.swift */ = {isa = PBXFileReference; lastKnownFileType = sourcecode.swift; path = HomeViewController.swift; sourceTree = "<group>"; };
		F417D34F28422ED5009F8693 /* Assets.xcassets */ = {isa = PBXFileReference; lastKnownFileType = folder.assetcatalog; path = Assets.xcassets; sourceTree = "<group>"; };
		F417D35228422ED5009F8693 /* Base */ = {isa = PBXFileReference; lastKnownFileType = file.storyboard; name = Base; path = Base.lproj/LaunchScreen.storyboard; sourceTree = "<group>"; };
		F417D35428422ED5009F8693 /* Info.plist */ = {isa = PBXFileReference; lastKnownFileType = text.plist.xml; path = Info.plist; sourceTree = "<group>"; };
		F417D35F2843F860009F8693 /* HomeViewModel.swift */ = {isa = PBXFileReference; lastKnownFileType = sourcecode.swift; path = HomeViewModel.swift; sourceTree = "<group>"; };
		F417D3632843FCB8009F8693 /* Main.storyboard */ = {isa = PBXFileReference; lastKnownFileType = file.storyboard; path = Main.storyboard; sourceTree = "<group>"; };
		F417D3652843FCEB009F8693 /* DetailViewController.swift */ = {isa = PBXFileReference; lastKnownFileType = sourcecode.swift; path = DetailViewController.swift; sourceTree = "<group>"; };
		F417D3672843FCFB009F8693 /* DetailViewModel.swift */ = {isa = PBXFileReference; lastKnownFileType = sourcecode.swift; path = DetailViewModel.swift; sourceTree = "<group>"; };
		F478AF6C284B7F4D003B22F7 /* HomeViewController-TableViewExtensions.swift */ = {isa = PBXFileReference; lastKnownFileType = sourcecode.swift; path = "HomeViewController-TableViewExtensions.swift"; sourceTree = "<group>"; };
		F4C1330D284A721900C33E13 /* KingFisherManager.swift */ = {isa = PBXFileReference; lastKnownFileType = sourcecode.swift; path = KingFisherManager.swift; sourceTree = "<group>"; };
		F4D7DD3E2846A5C600B3A235 /* LaureateModel.swift */ = {isa = PBXFileReference; lastKnownFileType = sourcecode.swift; path = LaureateModel.swift; sourceTree = "<group>"; };
		F4D7DD402846A72000B3A235 /* NobelPrizeModel.swift */ = {isa = PBXFileReference; lastKnownFileType = sourcecode.swift; path = NobelPrizeModel.swift; sourceTree = "<group>"; };
		F4D7DD432846A83B00B3A235 /* NetworkManager.swift */ = {isa = PBXFileReference; lastKnownFileType = sourcecode.swift; path = NetworkManager.swift; sourceTree = "<group>"; };
		F4D7DD492846ACC700B3A235 /* config.swift */ = {isa = PBXFileReference; lastKnownFileType = sourcecode.swift; path = config.swift; sourceTree = "<group>"; };
/* End PBXFileReference section */

/* Begin PBXFrameworksBuildPhase section */
		F417D34028422ED3009F8693 /* Frameworks */ = {
			isa = PBXFrameworksBuildPhase;
			buildActionMask = 2147483647;
			files = (
				90E360A4F1AA9CB7BC17934B /* Pods_WhoGotNobelPrize.framework in Frameworks */,
			);
			runOnlyForDeploymentPostprocessing = 0;
		};
/* End PBXFrameworksBuildPhase section */

/* Begin PBXGroup section */
		787B47A7D1A28CF2B494C835 /* Pods */ = {
			isa = PBXGroup;
			children = (
				7762A3B3A3D1A475D44B8607 /* Pods-WhoGotNobelPrize.debug.xcconfig */,
				1B5B2D9132BA59A51400EACC /* Pods-WhoGotNobelPrize.release.xcconfig */,
			);
			path = Pods;
			sourceTree = "<group>";
		};
		C4E9D39D39142457FF9DFB4A /* Frameworks */ = {
			isa = PBXGroup;
			children = (
				6A94AC4D907C7C82FF8C1BBC /* Pods_WhoGotNobelPrize.framework */,
			);
			name = Frameworks;
			sourceTree = "<group>";
		};
		F417D33A28422ED3009F8693 = {
			isa = PBXGroup;
			children = (
				F417D34528422ED3009F8693 /* WhoGotNobelPrize */,
				F417D34428422ED3009F8693 /* Products */,
				787B47A7D1A28CF2B494C835 /* Pods */,
				C4E9D39D39142457FF9DFB4A /* Frameworks */,
			);
			sourceTree = "<group>";
		};
		F417D34428422ED3009F8693 /* Products */ = {
			isa = PBXGroup;
			children = (
				F417D34328422ED3009F8693 /* WhoGotNobelPrize.app */,
			);
			name = Products;
			sourceTree = "<group>";
		};
		F417D34528422ED3009F8693 /* WhoGotNobelPrize */ = {
			isa = PBXGroup;
			children = (
				F417D35E28422F5A009F8693 /* Supporting Files */,
				F4D7DD422846A82600B3A235 /* Managers */,
				F417D35D28422F4F009F8693 /* Models */,
				F417D35C28422F35009F8693 /* ViewModels */,
				F417D35B28422F29009F8693 /* Controllers */,
				F478AF6B284B7F36003B22F7 /* Extensions */,
				F417D35A28422F17009F8693 /* Views */,
				F417D35428422ED5009F8693 /* Info.plist */,
				F4D7DD492846ACC700B3A235 /* config.swift */,
			);
			path = WhoGotNobelPrize;
			sourceTree = "<group>";
		};
		F417D35A28422F17009F8693 /* Views */ = {
			isa = PBXGroup;
			children = (
				F417D35128422ED5009F8693 /* LaunchScreen.storyboard */,
				F417D3632843FCB8009F8693 /* Main.storyboard */,
			);
			name = Views;
			sourceTree = "<group>";
		};
		F417D35B28422F29009F8693 /* Controllers */ = {
			isa = PBXGroup;
			children = (
				F417D34A28422ED3009F8693 /* HomeViewController.swift */,
				F417D3652843FCEB009F8693 /* DetailViewController.swift */,
			);
			path = Controllers;
			sourceTree = "<group>";
		};
		F417D35C28422F35009F8693 /* ViewModels */ = {
			isa = PBXGroup;
			children = (
				F417D35F2843F860009F8693 /* HomeViewModel.swift */,
				F417D3672843FCFB009F8693 /* DetailViewModel.swift */,
			);
			path = ViewModels;
			sourceTree = "<group>";
		};
		F417D35D28422F4F009F8693 /* Models */ = {
			isa = PBXGroup;
			children = (
				F4D7DD3E2846A5C600B3A235 /* LaureateModel.swift */,
				F4D7DD402846A72000B3A235 /* NobelPrizeModel.swift */,
			);
			path = Models;
			sourceTree = "<group>";
		};
		F417D35E28422F5A009F8693 /* Supporting Files */ = {
			isa = PBXGroup;
			children = (
				F417D34628422ED3009F8693 /* AppDelegate.swift */,
				F417D34828422ED3009F8693 /* SceneDelegate.swift */,
				F417D34F28422ED5009F8693 /* Assets.xcassets */,
			);
			path = "Supporting Files";
			sourceTree = "<group>";
		};
		F478AF6B284B7F36003B22F7 /* Extensions */ = {
			isa = PBXGroup;
			children = (
				F478AF6C284B7F4D003B22F7 /* HomeViewController-TableViewExtensions.swift */,
			);
			path = Extensions;
			sourceTree = "<group>";
		};
		F4D7DD422846A82600B3A235 /* Managers */ = {
			isa = PBXGroup;
			children = (
				F4D7DD432846A83B00B3A235 /* NetworkManager.swift */,
				F4C1330D284A721900C33E13 /* KingFisherManager.swift */,
			);
			path = Managers;
			sourceTree = "<group>";
		};
/* End PBXGroup section */

/* Begin PBXNativeTarget section */
		F417D34228422ED3009F8693 /* WhoGotNobelPrize */ = {
			isa = PBXNativeTarget;
			buildConfigurationList = F417D35728422ED5009F8693 /* Build configuration list for PBXNativeTarget "WhoGotNobelPrize" */;
			buildPhases = (
				0E1EB8D9487C454701CFE1BF /* [CP] Check Pods Manifest.lock */,
				F417D33F28422ED3009F8693 /* Sources */,
				F417D34028422ED3009F8693 /* Frameworks */,
				F417D34128422ED3009F8693 /* Resources */,
				EB5372EBF8B13A7EB3A95F8C /* [CP] Embed Pods Frameworks */,
			);
			buildRules = (
			);
			dependencies = (
			);
			name = WhoGotNobelPrize;
			productName = WhoGotNobelPrize;
			productReference = F417D34328422ED3009F8693 /* WhoGotNobelPrize.app */;
			productType = "com.apple.product-type.application";
		};
/* End PBXNativeTarget section */

/* Begin PBXProject section */
		F417D33B28422ED3009F8693 /* Project object */ = {
			isa = PBXProject;
			attributes = {
				BuildIndependentTargetsInParallel = 1;
				LastSwiftUpdateCheck = 1340;
				LastUpgradeCheck = 1340;
				TargetAttributes = {
					F417D34228422ED3009F8693 = {
						CreatedOnToolsVersion = 13.4;
					};
				};
			};
			buildConfigurationList = F417D33E28422ED3009F8693 /* Build configuration list for PBXProject "WhoGotNobelPrize" */;
			compatibilityVersion = "Xcode 13.0";
			developmentRegion = en;
			hasScannedForEncodings = 0;
			knownRegions = (
				en,
				Base,
			);
			mainGroup = F417D33A28422ED3009F8693;
			productRefGroup = F417D34428422ED3009F8693 /* Products */;
			projectDirPath = "";
			projectRoot = "";
			targets = (
				F417D34228422ED3009F8693 /* WhoGotNobelPrize */,
			);
		};
/* End PBXProject section */

/* Begin PBXResourcesBuildPhase section */
		F417D34128422ED3009F8693 /* Resources */ = {
			isa = PBXResourcesBuildPhase;
			buildActionMask = 2147483647;
			files = (
				F417D35328422ED5009F8693 /* LaunchScreen.storyboard in Resources */,
				F417D35028422ED5009F8693 /* Assets.xcassets in Resources */,
				F417D3642843FCB8009F8693 /* Main.storyboard in Resources */,
			);
			runOnlyForDeploymentPostprocessing = 0;
		};
/* End PBXResourcesBuildPhase section */

/* Begin PBXShellScriptBuildPhase section */
		0E1EB8D9487C454701CFE1BF /* [CP] Check Pods Manifest.lock */ = {
			isa = PBXShellScriptBuildPhase;
			buildActionMask = 2147483647;
			files = (
			);
			inputFileListPaths = (
			);
			inputPaths = (
				"${PODS_PODFILE_DIR_PATH}/Podfile.lock",
				"${PODS_ROOT}/Manifest.lock",
			);
			name = "[CP] Check Pods Manifest.lock";
			outputFileListPaths = (
			);
			outputPaths = (
				"$(DERIVED_FILE_DIR)/Pods-WhoGotNobelPrize-checkManifestLockResult.txt",
			);
			runOnlyForDeploymentPostprocessing = 0;
			shellPath = /bin/sh;
			shellScript = "diff \"${PODS_PODFILE_DIR_PATH}/Podfile.lock\" \"${PODS_ROOT}/Manifest.lock\" > /dev/null\nif [ $? != 0 ] ; then\n    # print error to STDERR\n    echo \"error: The sandbox is not in sync with the Podfile.lock. Run 'pod install' or update your CocoaPods installation.\" >&2\n    exit 1\nfi\n# This output is used by Xcode 'outputs' to avoid re-running this script phase.\necho \"SUCCESS\" > \"${SCRIPT_OUTPUT_FILE_0}\"\n";
			showEnvVarsInLog = 0;
		};
		EB5372EBF8B13A7EB3A95F8C /* [CP] Embed Pods Frameworks */ = {
			isa = PBXShellScriptBuildPhase;
			buildActionMask = 2147483647;
			files = (
			);
			inputFileListPaths = (
				"${PODS_ROOT}/Target Support Files/Pods-WhoGotNobelPrize/Pods-WhoGotNobelPrize-frameworks-${CONFIGURATION}-input-files.xcfilelist",
			);
			name = "[CP] Embed Pods Frameworks";
			outputFileListPaths = (
				"${PODS_ROOT}/Target Support Files/Pods-WhoGotNobelPrize/Pods-WhoGotNobelPrize-frameworks-${CONFIGURATION}-output-files.xcfilelist",
			);
			runOnlyForDeploymentPostprocessing = 0;
			shellPath = /bin/sh;
			shellScript = "\"${PODS_ROOT}/Target Support Files/Pods-WhoGotNobelPrize/Pods-WhoGotNobelPrize-frameworks.sh\"\n";
			showEnvVarsInLog = 0;
		};
/* End PBXShellScriptBuildPhase section */

/* Begin PBXSourcesBuildPhase section */
		F417D33F28422ED3009F8693 /* Sources */ = {
			isa = PBXSourcesBuildPhase;
			buildActionMask = 2147483647;
			files = (
				F4D7DD442846A83B00B3A235 /* NetworkManager.swift in Sources */,
				F478AF6D284B7F4D003B22F7 /* HomeViewController-TableViewExtensions.swift in Sources */,
				F4D7DD3F2846A5C600B3A235 /* LaureateModel.swift in Sources */,
				F417D34B28422ED3009F8693 /* HomeViewController.swift in Sources */,
				F4D7DD4A2846ACC700B3A235 /* config.swift in Sources */,
				F417D3682843FCFB009F8693 /* DetailViewModel.swift in Sources */,
				F4D7DD412846A72000B3A235 /* NobelPrizeModel.swift in Sources */,
				F417D34728422ED3009F8693 /* AppDelegate.swift in Sources */,
				F417D3662843FCEB009F8693 /* DetailViewController.swift in Sources */,
				F4C1330E284A721900C33E13 /* KingFisherManager.swift in Sources */,
				F417D34928422ED3009F8693 /* SceneDelegate.swift in Sources */,
				F417D3602843F860009F8693 /* HomeViewModel.swift in Sources */,
			);
			runOnlyForDeploymentPostprocessing = 0;
		};
/* End PBXSourcesBuildPhase section */

/* Begin PBXVariantGroup section */
		F417D35128422ED5009F8693 /* LaunchScreen.storyboard */ = {
			isa = PBXVariantGroup;
			children = (
				F417D35228422ED5009F8693 /* Base */,
			);
			name = LaunchScreen.storyboard;
			sourceTree = "<group>";
		};
/* End PBXVariantGroup section */

/* Begin XCBuildConfiguration section */
		F417D35528422ED5009F8693 /* Debug */ = {
			isa = XCBuildConfiguration;
			buildSettings = {
				ALWAYS_SEARCH_USER_PATHS = NO;
				CLANG_ANALYZER_NONNULL = YES;
				CLANG_ANALYZER_NUMBER_OBJECT_CONVERSION = YES_AGGRESSIVE;
				CLANG_CXX_LANGUAGE_STANDARD = "gnu++17";
				CLANG_ENABLE_MODULES = YES;
				CLANG_ENABLE_OBJC_ARC = YES;
				CLANG_ENABLE_OBJC_WEAK = YES;
				CLANG_WARN_BLOCK_CAPTURE_AUTORELEASING = YES;
				CLANG_WARN_BOOL_CONVERSION = YES;
				CLANG_WARN_COMMA = YES;
				CLANG_WARN_CONSTANT_CONVERSION = YES;
				CLANG_WARN_DEPRECATED_OBJC_IMPLEMENTATIONS = YES;
				CLANG_WARN_DIRECT_OBJC_ISA_USAGE = YES_ERROR;
				CLANG_WARN_DOCUMENTATION_COMMENTS = YES;
				CLANG_WARN_EMPTY_BODY = YES;
				CLANG_WARN_ENUM_CONVERSION = YES;
				CLANG_WARN_INFINITE_RECURSION = YES;
				CLANG_WARN_INT_CONVERSION = YES;
				CLANG_WARN_NON_LITERAL_NULL_CONVERSION = YES;
				CLANG_WARN_OBJC_IMPLICIT_RETAIN_SELF = YES;
				CLANG_WARN_OBJC_LITERAL_CONVERSION = YES;
				CLANG_WARN_OBJC_ROOT_CLASS = YES_ERROR;
				CLANG_WARN_QUOTED_INCLUDE_IN_FRAMEWORK_HEADER = YES;
				CLANG_WARN_RANGE_LOOP_ANALYSIS = YES;
				CLANG_WARN_STRICT_PROTOTYPES = YES;
				CLANG_WARN_SUSPICIOUS_MOVE = YES;
				CLANG_WARN_UNGUARDED_AVAILABILITY = YES_AGGRESSIVE;
				CLANG_WARN_UNREACHABLE_CODE = YES;
				CLANG_WARN__DUPLICATE_METHOD_MATCH = YES;
				COPY_PHASE_STRIP = NO;
				DEBUG_INFORMATION_FORMAT = dwarf;
				ENABLE_STRICT_OBJC_MSGSEND = YES;
				ENABLE_TESTABILITY = YES;
				GCC_C_LANGUAGE_STANDARD = gnu11;
				GCC_DYNAMIC_NO_PIC = NO;
				GCC_NO_COMMON_BLOCKS = YES;
				GCC_OPTIMIZATION_LEVEL = 0;
				GCC_PREPROCESSOR_DEFINITIONS = (
					"DEBUG=1",
					"$(inherited)",
				);
				GCC_WARN_64_TO_32_BIT_CONVERSION = YES;
				GCC_WARN_ABOUT_RETURN_TYPE = YES_ERROR;
				GCC_WARN_UNDECLARED_SELECTOR = YES;
				GCC_WARN_UNINITIALIZED_AUTOS = YES_AGGRESSIVE;
				GCC_WARN_UNUSED_FUNCTION = YES;
				GCC_WARN_UNUSED_VARIABLE = YES;
				IPHONEOS_DEPLOYMENT_TARGET = 15.5;
				MTL_ENABLE_DEBUG_INFO = INCLUDE_SOURCE;
				MTL_FAST_MATH = YES;
				ONLY_ACTIVE_ARCH = YES;
				SDKROOT = iphoneos;
				SWIFT_ACTIVE_COMPILATION_CONDITIONS = DEBUG;
				SWIFT_OPTIMIZATION_LEVEL = "-Onone";
			};
			name = Debug;
		};
		F417D35628422ED5009F8693 /* Release */ = {
			isa = XCBuildConfiguration;
			buildSettings = {
				ALWAYS_SEARCH_USER_PATHS = NO;
				CLANG_ANALYZER_NONNULL = YES;
				CLANG_ANALYZER_NUMBER_OBJECT_CONVERSION = YES_AGGRESSIVE;
				CLANG_CXX_LANGUAGE_STANDARD = "gnu++17";
				CLANG_ENABLE_MODULES = YES;
				CLANG_ENABLE_OBJC_ARC = YES;
				CLANG_ENABLE_OBJC_WEAK = YES;
				CLANG_WARN_BLOCK_CAPTURE_AUTORELEASING = YES;
				CLANG_WARN_BOOL_CONVERSION = YES;
				CLANG_WARN_COMMA = YES;
				CLANG_WARN_CONSTANT_CONVERSION = YES;
				CLANG_WARN_DEPRECATED_OBJC_IMPLEMENTATIONS = YES;
				CLANG_WARN_DIRECT_OBJC_ISA_USAGE = YES_ERROR;
				CLANG_WARN_DOCUMENTATION_COMMENTS = YES;
				CLANG_WARN_EMPTY_BODY = YES;
				CLANG_WARN_ENUM_CONVERSION = YES;
				CLANG_WARN_INFINITE_RECURSION = YES;
				CLANG_WARN_INT_CONVERSION = YES;
				CLANG_WARN_NON_LITERAL_NULL_CONVERSION = YES;
				CLANG_WARN_OBJC_IMPLICIT_RETAIN_SELF = YES;
				CLANG_WARN_OBJC_LITERAL_CONVERSION = YES;
				CLANG_WARN_OBJC_ROOT_CLASS = YES_ERROR;
				CLANG_WARN_QUOTED_INCLUDE_IN_FRAMEWORK_HEADER = YES;
				CLANG_WARN_RANGE_LOOP_ANALYSIS = YES;
				CLANG_WARN_STRICT_PROTOTYPES = YES;
				CLANG_WARN_SUSPICIOUS_MOVE = YES;
				CLANG_WARN_UNGUARDED_AVAILABILITY = YES_AGGRESSIVE;
				CLANG_WARN_UNREACHABLE_CODE = YES;
				CLANG_WARN__DUPLICATE_METHOD_MATCH = YES;
				COPY_PHASE_STRIP = NO;
				DEBUG_INFORMATION_FORMAT = "dwarf-with-dsym";
				ENABLE_NS_ASSERTIONS = NO;
				ENABLE_STRICT_OBJC_MSGSEND = YES;
				GCC_C_LANGUAGE_STANDARD = gnu11;
				GCC_NO_COMMON_BLOCKS = YES;
				GCC_WARN_64_TO_32_BIT_CONVERSION = YES;
				GCC_WARN_ABOUT_RETURN_TYPE = YES_ERROR;
				GCC_WARN_UNDECLARED_SELECTOR = YES;
				GCC_WARN_UNINITIALIZED_AUTOS = YES_AGGRESSIVE;
				GCC_WARN_UNUSED_FUNCTION = YES;
				GCC_WARN_UNUSED_VARIABLE = YES;
				IPHONEOS_DEPLOYMENT_TARGET = 15.5;
				MTL_ENABLE_DEBUG_INFO = NO;
				MTL_FAST_MATH = YES;
				SDKROOT = iphoneos;
				SWIFT_COMPILATION_MODE = wholemodule;
				SWIFT_OPTIMIZATION_LEVEL = "-O";
				VALIDATE_PRODUCT = YES;
			};
			name = Release;
		};
		F417D35828422ED5009F8693 /* Debug */ = {
			isa = XCBuildConfiguration;
			baseConfigurationReference = 7762A3B3A3D1A475D44B8607 /* Pods-WhoGotNobelPrize.debug.xcconfig */;
			buildSettings = {
				ASSETCATALOG_COMPILER_APPICON_NAME = AppIcon;
				ASSETCATALOG_COMPILER_GLOBAL_ACCENT_COLOR_NAME = AccentColor;
				CODE_SIGN_STYLE = Automatic;
				CURRENT_PROJECT_VERSION = 1;
				DEVELOPMENT_TEAM = 3F2Y7B7Z54;
				GENERATE_INFOPLIST_FILE = YES;
				INFOPLIST_FILE = WhoGotNobelPrize/Info.plist;
				INFOPLIST_KEY_UIApplicationSupportsIndirectInputEvents = YES;
				INFOPLIST_KEY_UILaunchStoryboardName = LaunchScreen;
				INFOPLIST_KEY_UIMainStoryboardFile = Main;
				INFOPLIST_KEY_UISupportedInterfaceOrientations_iPad = "UIInterfaceOrientationPortrait UIInterfaceOrientationPortraitUpsideDown UIInterfaceOrientationLandscapeLeft UIInterfaceOrientationLandscapeRight";
				INFOPLIST_KEY_UISupportedInterfaceOrientations_iPhone = "UIInterfaceOrientationPortrait UIInterfaceOrientationLandscapeLeft UIInterfaceOrientationLandscapeRight";
				LD_RUNPATH_SEARCH_PATHS = (
					"$(inherited)",
					"@executable_path/Frameworks",
				);
				MARKETING_VERSION = 1.0;
				PRODUCT_BUNDLE_IDENTIFIER = CBeratAltuntas.WhoGotNobelPrize;
				PRODUCT_NAME = "$(TARGET_NAME)";
				SWIFT_EMIT_LOC_STRINGS = YES;
				SWIFT_VERSION = 5.0;
				TARGETED_DEVICE_FAMILY = "1,2";
			};
			name = Debug;
		};
		F417D35928422ED5009F8693 /* Release */ = {
			isa = XCBuildConfiguration;
			baseConfigurationReference = 1B5B2D9132BA59A51400EACC /* Pods-WhoGotNobelPrize.release.xcconfig */;
			buildSettings = {
				ASSETCATALOG_COMPILER_APPICON_NAME = AppIcon;
				ASSETCATALOG_COMPILER_GLOBAL_ACCENT_COLOR_NAME = AccentColor;
				CODE_SIGN_STYLE = Automatic;
				CURRENT_PROJECT_VERSION = 1;
				DEVELOPMENT_TEAM = 3F2Y7B7Z54;
				GENERATE_INFOPLIST_FILE = YES;
				INFOPLIST_FILE = WhoGotNobelPrize/Info.plist;
				INFOPLIST_KEY_UIApplicationSupportsIndirectInputEvents = YES;
				INFOPLIST_KEY_UILaunchStoryboardName = LaunchScreen;
				INFOPLIST_KEY_UIMainStoryboardFile = Main;
				INFOPLIST_KEY_UISupportedInterfaceOrientations_iPad = "UIInterfaceOrientationPortrait UIInterfaceOrientationPortraitUpsideDown UIInterfaceOrientationLandscapeLeft UIInterfaceOrientationLandscapeRight";
				INFOPLIST_KEY_UISupportedInterfaceOrientations_iPhone = "UIInterfaceOrientationPortrait UIInterfaceOrientationLandscapeLeft UIInterfaceOrientationLandscapeRight";
				LD_RUNPATH_SEARCH_PATHS = (
					"$(inherited)",
					"@executable_path/Frameworks",
				);
				MARKETING_VERSION = 1.0;
				PRODUCT_BUNDLE_IDENTIFIER = CBeratAltuntas.WhoGotNobelPrize;
				PRODUCT_NAME = "$(TARGET_NAME)";
				SWIFT_EMIT_LOC_STRINGS = YES;
				SWIFT_VERSION = 5.0;
				TARGETED_DEVICE_FAMILY = "1,2";
			};
			name = Release;
		};
/* End XCBuildConfiguration section */

/* Begin XCConfigurationList section */
		F417D33E28422ED3009F8693 /* Build configuration list for PBXProject "WhoGotNobelPrize" */ = {
			isa = XCConfigurationList;
			buildConfigurations = (
				F417D35528422ED5009F8693 /* Debug */,
				F417D35628422ED5009F8693 /* Release */,
			);
			defaultConfigurationIsVisible = 0;
			defaultConfigurationName = Release;
		};
		F417D35728422ED5009F8693 /* Build configuration list for PBXNativeTarget "WhoGotNobelPrize" */ = {
			isa = XCConfigurationList;
			buildConfigurations = (
				F417D35828422ED5009F8693 /* Debug */,
				F417D35928422ED5009F8693 /* Release */,
			);
			defaultConfigurationIsVisible = 0;
			defaultConfigurationName = Release;
		};
/* End XCConfigurationList section */
	};
	rootObject = F417D33B28422ED3009F8693 /* Project object */;
}
